{
  "name": "assets",
  "version": "1.0.0",
  "lockfileVersion": 2,
  "requires": true,
  "packages": {
    "": {
      "version": "1.0.0",
      "license": "ISC",
      "dependencies": {
        "vee-validate": "^2.2.15"
      }
    },
    "node_modules/vee-validate": {
      "version": "2.2.15",
      "resolved": "https://registry.npmjs.org/vee-validate/-/vee-validate-2.2.15.tgz",
      "integrity": "sha512-4TOsI8XwVkKVLkg8Nhmy+jyoJrR6XcTRDyxBarzcCvYzU61zamipS1WsB6FlDze8eJQpgglS4NXAS6o4NDPs1g=="
    }
  },
  "dependencies": {
    "vee-validate": {
      "version": "2.2.15",
      "resolved": "https://registry.npmjs.org/vee-validate/-/vee-validate-2.2.15.tgz",
      "integrity": "sha512-4TOsI8XwVkKVLkg8Nhmy+jyoJrR6XcTRDyxBarzcCvYzU61zamipS1WsB6FlDze8eJQpgglS4NXAS6o4NDPs1g=="
    }
  }
}
